github.com/heatxsink/go-httprequest v0.0.0-20141001215716-dd7fa67ea210 h1:YVZ5t1nVeFREAf2ISrvGJ7caYUpSrSVlL590aP7zxro=
github.com/heatxsink/go-httprequest v0.0.0-20141001215716-dd7fa67ea210/go.mod h1:hFqDddGnarVxp2Wt5qJ+yqaRYgum+CLFXd/AzVTHomI=
github.com/mreiferson/go-httpclient v0.0.0-20201222173833-5e475fde3a4d h1:tLWCMSjfL8XyZwpu1RzI2UpJSPbZCOZ6DVHQFnlpL7A=
github.com/mreiferson/go-httpclient v0.0.0-20201222173833-5e475fde3a4d/go.mod h1:OQA4XLvDbMgS8P0CevmM4m9Q3Jq4phKUzcocxuGJ5m8=
